{
  "requires": true,
  "lockfileVersion": 1,
  "dependencies": {
    "@wayward/goodstream": {
      "version": "0.4.0",
      "resolved": "https://registry.npmjs.org/@wayward/goodstream/-/goodstream-0.4.0.tgz",
      "integrity": "sha512-WCCbloeOytpBsRnsTM/5lG8ZuRQMjVZUkiMTUMnAByoNhrLmLkOJvDCgpcnxcE2TBoc3EPDFPZTVQjxZsH4aSA=="
    },
    "@wayward/types": {
      "version": "2.8.0-beta.dev.20190910",
      "resolved": "https://registry.npmjs.org/@wayward/types/-/types-2.8.0-beta.dev.20190910.tgz",
      "integrity": "sha512-LwHDwKfo34Elcnh4kV1PQYLTYgG2sLHqfLPCqKrRth8RdHwn1ySeVLBaWddJ+bm/PI3iEYUES7M6CemkU74JtA==",
      "requires": {
        "@wayward/goodstream": "0.4.0"
      }
    }
  }
}
